lockfileVersion: '9.0'

settings:
  autoInstallPeers: true
  excludeLinksFromLockfile: false

importers:

  .:
    dependencies:
      project-a:
        specifier: ./project-a
        version: link:project-a
      project-b:
        specifier: ./project-b
        version: link:project-b

  project-a:
    dependencies:
      left-pad:
        specifier: ^1.3.0
        version: 1.3.0

  project-b:
    dependencies:
      core-js:
        specifier: ^3.27.0
        version: 3.27.0

packages:

  core-js@3.27.0:
    resolution: {integrity: sha512-wY6cKosevs430KRkHUIsvepDXHGjlXOZO3hYXNyqpD6JvB0X28aXyv0t1Y1vZMwE7SoKmtfa6IASHCPN52FwBQ==}

  left-pad@1.3.0:
    resolution: {integrity: sha512-XI5MPzVNApjAyhQzphX8BkmKsKUxD4LdyK24iZeQGinBN9yTQT3bFlCBy/aVx2HrNcqQGsdot8ghrjyrvMCoEA==}
    deprecated: use String.prototype.padStart()

snapshots:

  core-js@3.27.0: {}

  left-pad@1.3.0: {}
