lockfileVersion: '9.0'

settings:
  autoInstallPeers: true
  excludeLinksFromLockfile: false

importers:

  .:
    dependencies:
      project-a:
        specifier: ./project-a
        version: link:project-a
      project-b:
        specifier: ./project-b
        version: link:project-b

  project-a:
    dependencies:
      left-pad:
        specifier: ^1.2.0
        version: 1.2.0

  project-b:
    dependencies:
      core-js:
        specifier: ^3.38.0
        version: 3.38.0

packages:

  core-js@3.38.0:
    resolution: {integrity: sha512-XPpwqEodRljce9KswjZShh95qJ1URisBeKCjUdq27YdenkslVe7OO0ZJhlYXAChW7OhXaRLl8AAba7IBfoIHug==}

  left-pad@1.2.0:
    resolution: {integrity: sha512-OQadpCyFCT/VLniZQgym8d3/ofIJtuZyw2ibsVeIUOexKgW/osn8+mMFJbwGMPeDC4GnLzD8q115WPCDx4YRWg==}
    deprecated: use String.prototype.padStart()

snapshots:

  core-js@3.38.0: {}

  left-pad@1.2.0: {}
